Microsoft Visual Studio Solution File, Format Version 12.00
# 17
VisualStudioVersion = 17.11.35431.28
MinimumVisualStudioVersion = 10.0.40219.1
Project("{FAE04EC0-301F-11D3-BF4B-00C04F79EFBC}") = "ConsoleApp70", "ConsoleApp70\ConsoleApp70.csproj", "{0C2B4852-909D-43E0-A1F2-685212D8EB29}"
EndProject
Global
	GlobalSection(SolutionConfigurationPlatforms) = preSolution
		Debug|Any CPU = Debug|Any CPU
		Release|Any CPU = Release|Any CPU
	EndGlobalSection
	GlobalSection(ProjectConfigurationPlatforms) = postSolution
		{0C2B4852-909D-43E0-A1F2-685212D8EB29}.Debug|Any CPU.ActiveCfg = Debug|Any CPU
		{0C2B4852-909D-43E0-A1F2-685212D8EB29}.Debug|Any CPU.Build.0 = Debug|Any CPU
		{0C2B4852-909D-43E0-A1F2-685212D8EB29}.Release|Any CPU.ActiveCfg = Release|Any CPU
		{0C2B4852-909D-43E0-A1F2-685212D8EB29}.Release|Any CPU.Build.0 = Release|Any CPU
	EndGlobalSection
	GlobalSection(SolutionProperties) = preSolution
		HideSolutionNode = FALSE
	EndGlobalSection
	GlobalSection(ExtensibilityGlobals) = postSolution
		SolutionGuid = {A86C0529-F927-43F9-8C3C-06AD6A74CEFE}
	EndGlobalSection
EndGlobal
